
Microsoft Visual Studio Solution File, Format Version 12.00
# Visual Studio Version 16
VisualStudioVersion = 16.0.31005.135
MinimumVisualStudioVersion = 10.0.40219.1
Project("{FAE04EC0-301F-11D3-BF4B-00C04F79EFBC}") = "VortexEditor", "VortexEditor\VortexEditor.csproj", "{17A2504D-F310-4EF9-BFAF-6BC38B17085C}"
EndProject
Global
	GlobalSection(SolutionConfigurationPlatforms) = preSolution
		Debug|Any CPU = Debug|Any CPU
		Release|Any CPU = Release|Any CPU
	EndGlobalSection
	GlobalSection(ProjectConfigurationPlatforms) = postSolution
		{17A2504D-F310-4EF9-BFAF-6BC38B17085C}.Debug|Any CPU.ActiveCfg = Debug|Any CPU
		{17A2504D-F310-4EF9-BFAF-6BC38B17085C}.Debug|Any CPU.Build.0 = Debug|Any CPU
		{17A2504D-F310-4EF9-BFAF-6BC38B17085C}.Release|Any CPU.ActiveCfg = Release|Any CPU
		{17A2504D-F310-4EF9-BFAF-6BC38B17085C}.Release|Any CPU.Build.0 = Release|Any CPU
	EndGlobalSection
	GlobalSection(SolutionProperties) = preSolution
		HideSolutionNode = FALSE
	EndGlobalSection
	GlobalSection(ExtensibilityGlobals) = postSolution
		SolutionGuid = {58A6EC09-0710-4A75-A93D-F6EB6D8D37FF}
	EndGlobalSection
EndGlobal
